
Microsoft Visual Studio Solution File, Format Version 12.00
# Visual Studio Version 16
VisualStudioVersion = 16.0.31613.86
MinimumVisualStudioVersion = 10.0.40219.1
Project("{FAE04EC0-301F-11D3-BF4B-00C04F79EFBC}") = "senai.Roman.webAPI", "senai.Roman.webAPI\senai.Roman.webAPI.csproj", "{904112F5-CA94-4D54-85D2-32B5B3E774B5}"
EndProject
Global
	GlobalSection(SolutionConfigurationPlatforms) = preSolution
		Debug|Any CPU = Debug|Any CPU
		Release|Any CPU = Release|Any CPU
	EndGlobalSection
	GlobalSection(ProjectConfigurationPlatforms) = postSolution
		{904112F5-CA94-4D54-85D2-32B5B3E774B5}.Debug|Any CPU.ActiveCfg = Debug|Any CPU
		{904112F5-CA94-4D54-85D2-32B5B3E774B5}.Debug|Any CPU.Build.0 = Debug|Any CPU
		{904112F5-CA94-4D54-85D2-32B5B3E774B5}.Release|Any CPU.ActiveCfg = Release|Any CPU
		{904112F5-CA94-4D54-85D2-32B5B3E774B5}.Release|Any CPU.Build.0 = Release|Any CPU
	EndGlobalSection
	GlobalSection(SolutionProperties) = preSolution
		HideSolutionNode = FALSE
	EndGlobalSection
	GlobalSection(ExtensibilityGlobals) = postSolution
		SolutionGuid = {37EF4C44-FFCD-452A-8F33-7BB7B563772B}
	EndGlobalSection
EndGlobal
